{
    "_readme": [
        "This file locks the dependencies of your project to a known state",
        "Read more about it at https://getcomposer.org/doc/01-basic-usage.md#installing-dependencies",
        "This file is @generated automatically"
    ],
    "content-hash": "9a3d1bd373de683f1aada3ee82f9f63f",
    "packages": [],
    "packages-dev": [
        {
            "name": "jbboehr/doctrine-of-the-second-sun",
            "version": "dev-master",
            "source": {
                "type": "git",
                "url": "https://github.com/jbboehr/doctrine-of-the-second-sun.git",
                "reference": "987702c25d9915d950857aef712d73880bdc0194"
            },
            "dist": {
                "type": "zip",
                "url": "https://api.github.com/repos/jbboehr/doctrine-of-the-second-sun/zipball/987702c25d9915d950857aef712d73880bdc0194",
                "reference": "987702c25d9915d950857aef712d73880bdc0194",
                "shasum": ""
            },
            "require-dev": {
                "php-cs-fixer/shim": "^3.95",
                "phpstan/phpstan": "^2.1",
                "phpunit/phpunit": "^10.5 || ^11.5"
            },
            "default-branch": true,
            "type": "library",
            "autoload": {
                "psr-4": {
                    "DoctrineOfTheSecondSun\\PHPStan\\": "integrations/phpstan/src/"
                }
            },
            "notification-url": "https://packagist.org/downloads/",
            "license": [
                "(CC-BY-SA-4.0 AND AGPL-3.0-only WITH romic-exception)"
            ],
            "authors": [
                {
                    "name": "John Boehr",
                    "email": "jbboehr@mailbox.org"
                }
            ],
            "description": "Portable literary, visual, coding, technical-writing, and software-stewardship guidance",
            "keywords": [
                "doctrine",
                "documentation",
                "software-maintenance",
                "writing"
            ],
            "support": {
                "issues": "https://github.com/jbboehr/doctrine-of-the-second-sun/issues",
                "source": "https://github.com/jbboehr/doctrine-of-the-second-sun"
            },
            "time": "2026-09-06T02:45:11+00:00"
        }
    ],
    "aliases": [],
    "minimum-stability": "stable",
    "stability-flags": {
        "jbboehr/doctrine-of-the-second-sun": 20
    },
    "prefer-stable": false,
    "prefer-lowest": false,
    "platform": {},
    "platform-dev": {},
    "plugin-api-version": "2.9.0"
}
